
Microsoft Visual Studio Solution File, Format Version 12.00
# Visual Studio Version 16
VisualStudioVersion = 16.0.29709.97
MinimumVisualStudioVersion = 10.0.40219.1
Project("{FAE04EC0-301F-11D3-BF4B-00C04F79EFBC}") = "ATM Lab", "ATM Lab\ATM Lab.csproj", "{A8D8BA8C-A91F-45BE-81D7-E14F915AB285}"
EndProject
Global
	GlobalSection(SolutionConfigurationPlatforms) = preSolution
		Debug|Any CPU = Debug|Any CPU
		Release|Any CPU = Release|Any CPU
	EndGlobalSection
	GlobalSection(ProjectConfigurationPlatforms) = postSolution
		{A8D8BA8C-A91F-45BE-81D7-E14F915AB285}.Debug|Any CPU.ActiveCfg = Debug|Any CPU
		{A8D8BA8C-A91F-45BE-81D7-E14F915AB285}.Debug|Any CPU.Build.0 = Debug|Any CPU
		{A8D8BA8C-A91F-45BE-81D7-E14F915AB285}.Release|Any CPU.ActiveCfg = Release|Any CPU
		{A8D8BA8C-A91F-45BE-81D7-E14F915AB285}.Release|Any CPU.Build.0 = Release|Any CPU
	EndGlobalSection
	GlobalSection(SolutionProperties) = preSolution
		HideSolutionNode = FALSE
	EndGlobalSection
	GlobalSection(ExtensibilityGlobals) = postSolution
		SolutionGuid = {3C0B28CA-1921-4C6B-9B2E-90CB4396C1A2}
	EndGlobalSection
EndGlobal
